
Microsoft Visual Studio Solution File, Format Version 12.00
Project("{FAE04EC0-301F-11D3-BF4B-00C04F79EFBC}") = "Assignment B Mobile App", "Assignment B Mobile App\Assignment B Mobile App.csproj", "{76857225-B3DA-4025-8CC5-C0A9B25EB693}"
EndProject
Global
	GlobalSection(SolutionConfigurationPlatforms) = preSolution
		Debug|Any CPU = Debug|Any CPU
		Release|Any CPU = Release|Any CPU
	EndGlobalSection
	GlobalSection(ProjectConfigurationPlatforms) = postSolution
		{76857225-B3DA-4025-8CC5-C0A9B25EB693}.Debug|Any CPU.ActiveCfg = Debug|Any CPU
		{76857225-B3DA-4025-8CC5-C0A9B25EB693}.Debug|Any CPU.Build.0 = Debug|Any CPU
		{76857225-B3DA-4025-8CC5-C0A9B25EB693}.Release|Any CPU.ActiveCfg = Release|Any CPU
		{76857225-B3DA-4025-8CC5-C0A9B25EB693}.Release|Any CPU.Build.0 = Release|Any CPU
	EndGlobalSection
EndGlobal
